// !$*UTF8*$!
{
	archiveVersion = 1;
	classes = {
	};
	objectVersion = 46;
	objects = {

/* Begin PBXBuildFile section */
		821B0D651B1421F20024C4D3 /* AppDelegate.swift in Sources */ = {isa = PBXBuildFile; fileRef = 821B0D641B1421F20024C4D3 /* AppDelegate.swift */; };
		821B0D671B1421F20024C4D3 /* ViewController.swift in Sources */ = {isa = PBXBuildFile; fileRef = 821B0D661B1421F20024C4D3 /* ViewController.swift */; };
		821B0D6A1B1421F20024C4D3 /* Main.storyboard in Resources */ = {isa = PBXBuildFile; fileRef = 821B0D681B1421F20024C4D3 /* Main.storyboard */; };
		821B0D6C1B1421F20024C4D3 /* Images.xcassets in Resources */ = {isa = PBXBuildFile; fileRef = 821B0D6B1B1421F20024C4D3 /* Images.xcassets */; };
		821B0D6F1B1421F20024C4D3 /* LaunchScreen.xib in Resources */ = {isa = PBXBuildFile; fileRef = 821B0D6D1B1421F20024C4D3 /* LaunchScreen.xib */; };
		821B0D7B1B1421F20024C4D3 /* SongControlTests.swift in Sources */ = {isa = PBXBuildFile; fileRef = 821B0D7A1B1421F20024C4D3 /* SongControlTests.swift */; };
		821B0D8E1B14223E0024C4D3 /* InterfaceController.swift in Sources */ = {isa = PBXBuildFile; fileRef = 821B0D8D1B14223E0024C4D3 /* InterfaceController.swift */; };
		821B0D901B14223E0024C4D3 /* NotificationController.swift in Sources */ = {isa = PBXBuildFile; fileRef = 821B0D8F1B14223E0024C4D3 /* NotificationController.swift */; };
		821B0D921B14223E0024C4D3 /* Images.xcassets in Resources */ = {isa = PBXBuildFile; fileRef = 821B0D911B14223E0024C4D3 /* Images.xcassets */; };
		821B0D961B14223E0024C4D3 /* SongControl WatchKit App.app in Resources */ = {isa = PBXBuildFile; fileRef = 821B0D951B14223E0024C4D3 /* SongControl WatchKit App.app */; };
		821B0D9E1B14223E0024C4D3 /* Interface.storyboard in Resources */ = {isa = PBXBuildFile; fileRef = 821B0D9C1B14223E0024C4D3 /* Interface.storyboard */; };
		821B0DA01B14223E0024C4D3 /* Images.xcassets in Resources */ = {isa = PBXBuildFile; fileRef = 821B0D9F1B14223E0024C4D3 /* Images.xcassets */; };
		821B0DA31B14223E0024C4D3 /* SongControl WatchKit Extension.appex in Embed App Extensions */ = {isa = PBXBuildFile; fileRef = 821B0D881B14223E0024C4D3 /* SongControl WatchKit Extension.appex */; settings = {ATTRIBUTES = (RemoveHeadersOnCopy, ); }; };
/* End PBXBuildFile section */

/* Begin PBXContainerItemProxy section */
		821B0D751B1421F20024C4D3 /* PBXContainerItemProxy */ = {
			isa = PBXContainerItemProxy;
			containerPortal = 821B0D571B1421F20024C4D3 /* Project object */;
			proxyType = 1;
			remoteGlobalIDString = 821B0D5E1B1421F20024C4D3;
			remoteInfo = SongControl;
		};
		821B0D971B14223E0024C4D3 /* PBXContainerItemProxy */ = {
			isa = PBXContainerItemProxy;
			containerPortal = 821B0D571B1421F20024C4D3 /* Project object */;
			proxyType = 1;
			remoteGlobalIDString = 821B0D941B14223E0024C4D3;
			remoteInfo = "SongControl WatchKit App";
		};
		821B0DA11B14223E0024C4D3 /* PBXContainerItemProxy */ = {
			isa = PBXContainerItemProxy;
			containerPortal = 821B0D571B1421F20024C4D3 /* Project object */;
			proxyType = 1;
			remoteGlobalIDString = 821B0D871B14223E0024C4D3;
			remoteInfo = "SongControl WatchKit Extension";
		};
/* End PBXContainerItemProxy section */

/* Begin PBXCopyFilesBuildPhase section */
		821B0DAA1B14223E0024C4D3 /* Embed App Extensions */ = {
			isa = PBXCopyFilesBuildPhase;
			buildActionMask = 2147483647;
			dstPath = "";
			dstSubfolderSpec = 13;
			files = (
				821B0DA31B14223E0024C4D3 /* SongControl WatchKit Extension.appex in Embed App Extensions */,
			);
			name = "Embed App Extensions";
			runOnlyForDeploymentPostprocessing = 0;
		};
/* End PBXCopyFilesBuildPhase section */

/* Begin PBXFileReference section */
		821B0D5F1B1421F20024C4D3 /* SongControl.app */ = {isa = PBXFileReference; explicitFileType = wrapper.application; includeInIndex = 0; path = SongControl.app; sourceTree = BUILT_PRODUCTS_DIR; };
		821B0D631B1421F20024C4D3 /* Info.plist */ = {isa = PBXFileReference; lastKnownFileType = text.plist.xml; path = Info.plist; sourceTree = "<group>"; };
		821B0D641B1421F20024C4D3 /* AppDelegate.swift */ = {isa = PBXFileReference; lastKnownFileType = sourcecode.swift; path = AppDelegate.swift; sourceTree = "<group>"; };
		821B0D661B1421F20024C4D3 /* ViewController.swift */ = {isa = PBXFileReference; lastKnownFileType = sourcecode.swift; path = ViewController.swift; sourceTree = "<group>"; };
		821B0D691B1421F20024C4D3 /* Base */ = {isa = PBXFileReference; lastKnownFileType = file.storyboard; name = Base; path = Base.lproj/Main.storyboard; sourceTree = "<group>"; };
		821B0D6B1B1421F20024C4D3 /* Images.xcassets */ = {isa = PBXFileReference; lastKnownFileType = folder.assetcatalog; path = Images.xcassets; sourceTree = "<group>"; };
		821B0D6E1B1421F20024C4D3 /* Base */ = {isa = PBXFileReference; lastKnownFileType = file.xib; name = Base; path = Base.lproj/LaunchScreen.xib; sourceTree = "<group>"; };
		821B0D741B1421F20024C4D3 /* SongControlTests.xctest */ = {isa = PBXFileReference; explicitFileType = wrapper.cfbundle; includeInIndex = 0; path = SongControlTests.xctest; sourceTree = BUILT_PRODUCTS_DIR; };
		821B0D791B1421F20024C4D3 /* Info.plist */ = {isa = PBXFileReference; lastKnownFileType = text.plist.xml; path = Info.plist; sourceTree = "<group>"; };
		821B0D7A1B1421F20024C4D3 /* SongControlTests.swift */ = {isa = PBXFileReference; lastKnownFileType = sourcecode.swift; path = SongControlTests.swift; sourceTree = "<group>"; };
		821B0D881B14223E0024C4D3 /* SongControl WatchKit Extension.appex */ = {isa = PBXFileReference; explicitFileType = "wrapper.app-extension"; includeInIndex = 0; path = "SongControl WatchKit Extension.appex"; sourceTree = BUILT_PRODUCTS_DIR; };
		821B0D8B1B14223E0024C4D3 /* Info.plist */ = {isa = PBXFileReference; lastKnownFileType = text.plist.xml; path = Info.plist; sourceTree = "<group>"; };
		821B0D8C1B14223E0024C4D3 /* PushNotificationPayload.apns */ = {isa = PBXFileReference; lastKnownFileType = text; path = PushNotificationPayload.apns; sourceTree = "<group>"; };
		821B0D8D1B14223E0024C4D3 /* InterfaceController.swift */ = {isa = PBXFileReference; lastKnownFileType = sourcecode.swift; path = InterfaceController.swift; sourceTree = "<group>"; };
		821B0D8F1B14223E0024C4D3 /* NotificationController.swift */ = {isa = PBXFileReference; lastKnownFileType = sourcecode.swift; path = NotificationController.swift; sourceTree = "<group>"; };
		821B0D911B14223E0024C4D3 /* Images.xcassets */ = {isa = PBXFileReference; lastKnownFileType = folder.assetcatalog; path = Images.xcassets; sourceTree = "<group>"; };
		821B0D951B14223E0024C4D3 /* SongControl WatchKit App.app */ = {isa = PBXFileReference; explicitFileType = wrapper.application; includeInIndex = 0; path = "SongControl WatchKit App.app"; sourceTree = BUILT_PRODUCTS_DIR; };
		821B0D9B1B14223E0024C4D3 /* Info.plist */ = {isa = PBXFileReference; lastKnownFileType = text.plist.xml; path = Info.plist; sourceTree = "<group>"; };
		821B0D9D1B14223E0024C4D3 /* Base */ = {isa = PBXFileReference; lastKnownFileType = file.storyboard; name = Base; path = Base.lproj/Interface.storyboard; sourceTree = "<group>"; };
		821B0D9F1B14223E0024C4D3 /* Images.xcassets */ = {isa = PBXFileReference; lastKnownFileType = folder.assetcatalog; path = Images.xcassets; sourceTree = "<group>"; };
/* End PBXFileReference section */

/* Begin PBXFrameworksBuildPhase section */
		821B0D5C1B1421F20024C4D3 /* Frameworks */ = {
			isa = PBXFrameworksBuildPhase;
			buildActionMask = 2147483647;
			files = (
			);
			runOnlyForDeploymentPostprocessing = 0;
		};
		821B0D711B1421F20024C4D3 /* Frameworks */ = {
			isa = PBXFrameworksBuildPhase;
			buildActionMask = 2147483647;
			files = (
			);
			runOnlyForDeploymentPostprocessing = 0;
		};
		821B0D851B14223E0024C4D3 /* Frameworks */ = {
			isa = PBXFrameworksBuildPhase;
			buildActionMask = 2147483647;
			files = (
			);
			runOnlyForDeploymentPostprocessing = 0;
		};
/* End PBXFrameworksBuildPhase section */

/* Begin PBXGroup section */
		821B0D561B1421F20024C4D3 = {
			isa = PBXGroup;
			children = (
				821B0D611B1421F20024C4D3 /* SongControl */,
				821B0D771B1421F20024C4D3 /* SongControlTests */,
				821B0D891B14223E0024C4D3 /* SongControl WatchKit Extension */,
				821B0D991B14223E0024C4D3 /* SongControl WatchKit App */,
				821B0D601B1421F20024C4D3 /* Products */,
			);
			sourceTree = "<group>";
		};
		821B0D601B1421F20024C4D3 /* Products */ = {
			isa = PBXGroup;
			children = (
				821B0D5F1B1421F20024C4D3 /* SongControl.app */,
				821B0D741B1421F20024C4D3 /* SongControlTests.xctest */,
				821B0D881B14223E0024C4D3 /* SongControl WatchKit Extension.appex */,
				821B0D951B14223E0024C4D3 /* SongControl WatchKit App.app */,
			);
			name = Products;
			sourceTree = "<group>";
		};
		821B0D611B1421F20024C4D3 /* SongControl */ = {
			isa = PBXGroup;
			children = (
				821B0D641B1421F20024C4D3 /* AppDelegate.swift */,
				821B0D661B1421F20024C4D3 /* ViewController.swift */,
				821B0D681B1421F20024C4D3 /* Main.storyboard */,
				821B0D6B1B1421F20024C4D3 /* Images.xcassets */,
				821B0D6D1B1421F20024C4D3 /* LaunchScreen.xib */,
				821B0D621B1421F20024C4D3 /* Supporting Files */,
			);
			path = SongControl;
			sourceTree = "<group>";
		};
		821B0D621B1421F20024C4D3 /* Supporting Files */ = {
			isa = PBXGroup;
			children = (
				821B0D631B1421F20024C4D3 /* Info.plist */,
			);
			name = "Supporting Files";
			sourceTree = "<group>";
		};
		821B0D771B1421F20024C4D3 /* SongControlTests */ = {
			isa = PBXGroup;
			children = (
				821B0D7A1B1421F20024C4D3 /* SongControlTests.swift */,
				821B0D781B1421F20024C4D3 /* Supporting Files */,
			);
			path = SongControlTests;
			sourceTree = "<group>";
		};
		821B0D781B1421F20024C4D3 /* Supporting Files */ = {
			isa = PBXGroup;
			children = (
				821B0D791B1421F20024C4D3 /* Info.plist */,
			);
			name = "Supporting Files";
			sourceTree = "<group>";
		};
		821B0D891B14223E0024C4D3 /* SongControl WatchKit Extension */ = {
			isa = PBXGroup;
			children = (
				821B0D8D1B14223E0024C4D3 /* InterfaceController.swift */,
				821B0D8F1B14223E0024C4D3 /* NotificationController.swift */,
				821B0D911B14223E0024C4D3 /* Images.xcassets */,
				821B0D8A1B14223E0024C4D3 /* Supporting Files */,
			);
			path = "SongControl WatchKit Extension";
			sourceTree = "<group>";
		};
		821B0D8A1B14223E0024C4D3 /* Supporting Files */ = {
			isa = PBXGroup;
			children = (
				821B0D8B1B14223E0024C4D3 /* Info.plist */,
				821B0D8C1B14223E0024C4D3 /* PushNotificationPayload.apns */,
			);
			name = "Supporting Files";
			sourceTree = "<group>";
		};
		821B0D991B14223E0024C4D3 /* SongControl WatchKit App */ = {
			isa = PBXGroup;
			children = (
				821B0D9C1B14223E0024C4D3 /* Interface.storyboard */,
				821B0D9F1B14223E0024C4D3 /* Images.xcassets */,
				821B0D9A1B14223E0024C4D3 /* Supporting Files */,
			);
			path = "SongControl WatchKit App";
			sourceTree = "<group>";
		};
		821B0D9A1B14223E0024C4D3 /* Supporting Files */ = {
			isa = PBXGroup;
			children = (
				821B0D9B1B14223E0024C4D3 /* Info.plist */,
			);
			name = "Supporting Files";
			sourceTree = "<group>";
		};
/* End PBXGroup section */

/* Begin PBXNativeTarget section */
		821B0D5E1B1421F20024C4D3 /* SongControl */ = {
			isa = PBXNativeTarget;
			buildConfigurationList = 821B0D7E1B1421F20024C4D3 /* Build configuration list for PBXNativeTarget "SongControl" */;
			buildPhases = (
				821B0D5B1B1421F20024C4D3 /* Sources */,
				821B0D5C1B1421F20024C4D3 /* Frameworks */,
				821B0D5D1B1421F20024C4D3 /* Resources */,
				821B0DAA1B14223E0024C4D3 /* Embed App Extensions */,
			);
			buildRules = (
			);
			dependencies = (
				821B0DA21B14223E0024C4D3 /* PBXTargetDependency */,
			);
			name = SongControl;
			productName = SongControl;
			productReference = 821B0D5F1B1421F20024C4D3 /* SongControl.app */;
			productType = "com.apple.product-type.application";
		};
		821B0D731B1421F20024C4D3 /* SongControlTests */ = {
			isa = PBXNativeTarget;
			buildConfigurationList = 821B0D811B1421F20024C4D3 /* Build configuration list for PBXNativeTarget "SongControlTests" */;
			buildPhases = (
				821B0D701B1421F20024C4D3 /* Sources */,
				821B0D711B1421F20024C4D3 /* Frameworks */,
				821B0D721B1421F20024C4D3 /* Resources */,
			);
			buildRules = (
			);
			dependencies = (
				821B0D761B1421F20024C4D3 /* PBXTargetDependency */,
			);
			name = SongControlTests;
			productName = SongControlTests;
			productReference = 821B0D741B1421F20024C4D3 /* SongControlTests.xctest */;
			productType = "com.apple.product-type.bundle.unit-test";
		};
		821B0D871B14223E0024C4D3 /* SongControl WatchKit Extension */ = {
			isa = PBXNativeTarget;
			buildConfigurationList = 821B0DA71B14223E0024C4D3 /* Build configuration list for PBXNativeTarget "SongControl WatchKit Extension" */;
			buildPhases = (
				821B0D841B14223E0024C4D3 /* Sources */,
				821B0D851B14223E0024C4D3 /* Frameworks */,
				821B0D861B14223E0024C4D3 /* Resources */,
			);
			buildRules = (
			);
			dependencies = (
				821B0D981B14223E0024C4D3 /* PBXTargetDependency */,
			);
			name = "SongControl WatchKit Extension";
			productName = "SongControl WatchKit Extension";
			productReference = 821B0D881B14223E0024C4D3 /* SongControl WatchKit Extension.appex */;
			productType = "com.apple.product-type.watchkit-extension";
		};
		821B0D941B14223E0024C4D3 /* SongControl WatchKit App */ = {
			isa = PBXNativeTarget;
			buildConfigurationList = 821B0DA41B14223E0024C4D3 /* Build configuration list for PBXNativeTarget "SongControl WatchKit App" */;
			buildPhases = (
				821B0D931B14223E0024C4D3 /* Resources */,
			);
			buildRules = (
			);
			dependencies = (
			);
			name = "SongControl WatchKit App";
			productName = "SongControl WatchKit App";
			productReference = 821B0D951B14223E0024C4D3 /* SongControl WatchKit App.app */;
			productType = "com.apple.product-type.application.watchapp";
		};
/* End PBXNativeTarget section */

/* Begin PBXProject section */
		821B0D571B1421F20024C4D3 /* Project object */ = {
			isa = PBXProject;
			attributes = {
				LastUpgradeCheck = 0630;
				ORGANIZATIONNAME = codeHatcher;
				TargetAttributes = {
					821B0D5E1B1421F20024C4D3 = {
						CreatedOnToolsVersion = 6.3.1;
					};
					821B0D731B1421F20024C4D3 = {
						CreatedOnToolsVersion = 6.3.1;
						TestTargetID = 821B0D5E1B1421F20024C4D3;
					};
					821B0D871B14223E0024C4D3 = {
						CreatedOnToolsVersion = 6.3.1;
					};
					821B0D941B14223E0024C4D3 = {
						CreatedOnToolsVersion = 6.3.1;
					};
				};
			};
			buildConfigurationList = 821B0D5A1B1421F20024C4D3 /* Build configuration list for PBXProject "SongControl" */;
			compatibilityVersion = "Xcode 3.2";
			developmentRegion = English;
			hasScannedForEncodings = 0;
			knownRegions = (
				en,
				Base,
			);
			mainGroup = 821B0D561B1421F20024C4D3;
			productRefGroup = 821B0D601B1421F20024C4D3 /* Products */;
			projectDirPath = "";
			projectRoot = "";
			targets = (
				821B0D5E1B1421F20024C4D3 /* SongControl */,
				821B0D731B1421F20024C4D3 /* SongControlTests */,
				821B0D871B14223E0024C4D3 /* SongControl WatchKit Extension */,
				821B0D941B14223E0024C4D3 /* SongControl WatchKit App */,
			);
		};
/* End PBXProject section */

/* Begin PBXResourcesBuildPhase section */
		821B0D5D1B1421F20024C4D3 /* Resources */ = {
			isa = PBXResourcesBuildPhase;
			buildActionMask = 2147483647;
			files = (
				821B0D6A1B1421F20024C4D3 /* Main.storyboard in Resources */,
				821B0D6F1B1421F20024C4D3 /* LaunchScreen.xib in Resources */,
				821B0D6C1B1421F20024C4D3 /* Images.xcassets in Resources */,
			);
			runOnlyForDeploymentPostprocessing = 0;
		};
		821B0D721B1421F20024C4D3 /* Resources */ = {
			isa = PBXResourcesBuildPhase;
			buildActionMask = 2147483647;
			files = (
			);
			runOnlyForDeploymentPostprocessing = 0;
		};
		821B0D861B14223E0024C4D3 /* Resources */ = {
			isa = PBXResourcesBuildPhase;
			buildActionMask = 2147483647;
			files = (
				821B0D921B14223E0024C4D3 /* Images.xcassets in Resources */,
				821B0D961B14223E0024C4D3 /* SongControl WatchKit App.app in Resources */,
			);
			runOnlyForDeploymentPostprocessing = 0;
		};
		821B0D931B14223E0024C4D3 /* Resources */ = {
			isa = PBXResourcesBuildPhase;
			buildActionMask = 2147483647;
			files = (
				821B0D9E1B14223E0024C4D3 /* Interface.storyboard in Resources */,
				821B0DA01B14223E0024C4D3 /* Images.xcassets in Resources */,
			);
			runOnlyForDeploymentPostprocessing = 0;
		};
/* End PBXResourcesBuildPhase section */

/* Begin PBXSourcesBuildPhase section */
		821B0D5B1B1421F20024C4D3 /* Sources */ = {
			isa = PBXSourcesBuildPhase;
			buildActionMask = 2147483647;
			files = (
				821B0D671B1421F20024C4D3 /* ViewController.swift in Sources */,
				821B0D651B1421F20024C4D3 /* AppDelegate.swift in Sources */,
			);
			runOnlyForDeploymentPostprocessing = 0;
		};
		821B0D701B1421F20024C4D3 /* Sources */ = {
			isa = PBXSourcesBuildPhase;
			buildActionMask = 2147483647;
			files = (
				821B0D7B1B1421F20024C4D3 /* SongControlTests.swift in Sources */,
			);
			runOnlyForDeploymentPostprocessing = 0;
		};
		821B0D841B14223E0024C4D3 /* Sources */ = {
			isa = PBXSourcesBuildPhase;
			buildActionMask = 2147483647;
			files = (
				821B0D901B14223E0024C4D3 /* NotificationController.swift in Sources */,
				821B0D8E1B14223E0024C4D3 /* InterfaceController.swift in Sources */,
			);
			runOnlyForDeploymentPostprocessing = 0;
		};
/* End PBXSourcesBuildPhase section */

/* Begin PBXTargetDependency section */
		821B0D761B1421F20024C4D3 /* PBXTargetDependency */ = {
			isa = PBXTargetDependency;
			target = 821B0D5E1B1421F20024C4D3 /* SongControl */;
			targetProxy = 821B0D751B1421F20024C4D3 /* PBXContainerItemProxy */;
		};
		821B0D981B14223E0024C4D3 /* PBXTargetDependency */ = {
			isa = PBXTargetDependency;
			target = 821B0D941B14223E0024C4D3 /* SongControl WatchKit App */;
			targetProxy = 821B0D971B14223E0024C4D3 /* PBXContainerItemProxy */;
		};
		821B0DA21B14223E0024C4D3 /* PBXTargetDependency */ = {
			isa = PBXTargetDependency;
			target = 821B0D871B14223E0024C4D3 /* SongControl WatchKit Extension */;
			targetProxy = 821B0DA11B14223E0024C4D3 /* PBXContainerItemProxy */;
		};
/* End PBXTargetDependency section */

/* Begin PBXVariantGroup section */
		821B0D681B1421F20024C4D3 /* Main.storyboard */ = {
			isa = PBXVariantGroup;
			children = (
				821B0D691B1421F20024C4D3 /* Base */,
			);
			name = Main.storyboard;
			sourceTree = "<group>";
		};
		821B0D6D1B1421F20024C4D3 /* LaunchScreen.xib */ = {
			isa = PBXVariantGroup;
			children = (
				821B0D6E1B1421F20024C4D3 /* Base */,
			);
			name = LaunchScreen.xib;
			sourceTree = "<group>";
		};
		821B0D9C1B14223E0024C4D3 /* Interface.storyboard */ = {
			isa = PBXVariantGroup;
			children = (
				821B0D9D1B14223E0024C4D3 /* Base */,
			);
			name = Interface.storyboard;
			sourceTree = "<group>";
		};
/* End PBXVariantGroup section */

/* Begin XCBuildConfiguration section */
		821B0D7C1B1421F20024C4D3 /* Debug */ = {
			isa = XCBuildConfiguration;
			buildSettings = {
				ALWAYS_SEARCH_USER_PATHS = NO;
				CLANG_CXX_LANGUAGE_STANDARD = "gnu++0x";
				CLANG_CXX_LIBRARY = "libc++";
				CLANG_ENABLE_MODULES = YES;
				CLANG_ENABLE_OBJC_ARC = YES;
				CLANG_WARN_BOOL_CONVERSION = YES;
				CLANG_WARN_CONSTANT_CONVERSION = YES;
				CLANG_WARN_DIRECT_OBJC_ISA_USAGE = YES_ERROR;
				CLANG_WARN_EMPTY_BODY = YES;
				CLANG_WARN_ENUM_CONVERSION = YES;
				CLANG_WARN_INT_CONVERSION = YES;
				CLANG_WARN_OBJC_ROOT_CLASS = YES_ERROR;
				CLANG_WARN_UNREACHABLE_CODE = YES;
				CLANG_WARN__DUPLICATE_METHOD_MATCH = YES;
				"CODE_SIGN_IDENTITY[sdk=iphoneos*]" = "iPhone Developer";
				COPY_PHASE_STRIP = NO;
				DEBUG_INFORMATION_FORMAT = "dwarf-with-dsym";
				ENABLE_STRICT_OBJC_MSGSEND = YES;
				GCC_C_LANGUAGE_STANDARD = gnu99;
				GCC_DYNAMIC_NO_PIC = NO;
				GCC_NO_COMMON_BLOCKS = YES;
				GCC_OPTIMIZATION_LEVEL = 0;
				GCC_PREPROCESSOR_DEFINITIONS = (
					"DEBUG=1",
					"$(inherited)",
				);
				GCC_SYMBOLS_PRIVATE_EXTERN = NO;
				GCC_WARN_64_TO_32_BIT_CONVERSION = YES;
				GCC_WARN_ABOUT_RETURN_TYPE = YES_ERROR;
				GCC_WARN_UNDECLARED_SELECTOR = YES;
				GCC_WARN_UNINITIALIZED_AUTOS = YES_AGGRESSIVE;
				GCC_WARN_UNUSED_FUNCTION = YES;
				GCC_WARN_UNUSED_VARIABLE = YES;
				IPHONEOS_DEPLOYMENT_TARGET = 8.3;
				MTL_ENABLE_DEBUG_INFO = YES;
				ONLY_ACTIVE_ARCH = YES;
				SDKROOT = iphoneos;
				SWIFT_OPTIMIZATION_LEVEL = "-Onone";
				TARGETED_DEVICE_FAMILY = "1,2";
			};
			name = Debug;
		};
		821B0D7D1B1421F20024C4D3 /* Release */ = {
			isa = XCBuildConfiguration;
			buildSettings = {
				ALWAYS_SEARCH_USER_PATHS = NO;
				CLANG_CXX_LANGUAGE_STANDARD = "gnu++0x";
				CLANG_CXX_LIBRARY = "libc++";
				CLANG_ENABLE_MODULES = YES;
				CLANG_ENABLE_OBJC_ARC = YES;
				CLANG_WARN_BOOL_CONVERSION = YES;
				CLANG_WARN_CONSTANT_CONVERSION = YES;
				CLANG_WARN_DIRECT_OBJC_ISA_USAGE = YES_ERROR;
				CLANG_WARN_EMPTY_BODY = YES;
				CLANG_WARN_ENUM_CONVERSION = YES;
				CLANG_WARN_INT_CONVERSION = YES;
				CLANG_WARN_OBJC_ROOT_CLASS = YES_ERROR;
				CLANG_WARN_UNREACHABLE_CODE = YES;
				CLANG_WARN__DUPLICATE_METHOD_MATCH = YES;
				"CODE_SIGN_IDENTITY[sdk=iphoneos*]" = "iPhone Developer";
				COPY_PHASE_STRIP = NO;
				DEBUG_INFORMATION_FORMAT = "dwarf-with-dsym";
				ENABLE_NS_ASSERTIONS = NO;
				ENABLE_STRICT_OBJC_MSGSEND = YES;
				GCC_C_LANGUAGE_STANDARD = gnu99;
				GCC_NO_COMMON_BLOCKS = YES;
				GCC_WARN_64_TO_32_BIT_CONVERSION = YES;
				GCC_WARN_ABOUT_RETURN_TYPE = YES_ERROR;
				GCC_WARN_UNDECLARED_SELECTOR = YES;
				GCC_WARN_UNINITIALIZED_AUTOS = YES_AGGRESSIVE;
				GCC_WARN_UNUSED_FUNCTION = YES;
				GCC_WARN_UNUSED_VARIABLE = YES;
				IPHONEOS_DEPLOYMENT_TARGET = 8.3;
				MTL_ENABLE_DEBUG_INFO = NO;
				SDKROOT = iphoneos;
				TARGETED_DEVICE_FAMILY = "1,2";
				VALIDATE_PRODUCT = YES;
			};
			name = Release;
		};
		821B0D7F1B1421F20024C4D3 /* Debug */ = {
			isa = XCBuildConfiguration;
			buildSettings = {
				ASSETCATALOG_COMPILER_APPICON_NAME = AppIcon;
				INFOPLIST_FILE = SongControl/Info.plist;
				LD_RUNPATH_SEARCH_PATHS = "$(inherited) @executable_path/Frameworks";
				PRODUCT_NAME = "$(TARGET_NAME)";
			};
			name = Debug;
		};
		821B0D801B1421F20024C4D3 /* Release */ = {
			isa = XCBuildConfiguration;
			buildSettings = {
				ASSETCATALOG_COMPILER_APPICON_NAME = AppIcon;
				INFOPLIST_FILE = SongControl/Info.plist;
				LD_RUNPATH_SEARCH_PATHS = "$(inherited) @executable_path/Frameworks";
				PRODUCT_NAME = "$(TARGET_NAME)";
			};
			name = Release;
		};
		821B0D821B1421F20024C4D3 /* Debug */ = {
			isa = XCBuildConfiguration;
			buildSettings = {
				BUNDLE_LOADER = "$(TEST_HOST)";
				FRAMEWORK_SEARCH_PATHS = (
					"$(SDKROOT)/Developer/Library/Frameworks",
					"$(inherited)",
				);
				GCC_PREPROCESSOR_DEFINITIONS = (
					"DEBUG=1",
					"$(inherited)",
				);
				INFOPLIST_FILE = SongControlTests/Info.plist;
				LD_RUNPATH_SEARCH_PATHS = "$(inherited) @executable_path/Frameworks @loader_path/Frameworks";
				PRODUCT_NAME = "$(TARGET_NAME)";
				TEST_HOST = "$(BUILT_PRODUCTS_DIR)/SongControl.app/SongControl";
			};
			name = Debug;
		};
		821B0D831B1421F20024C4D3 /* Release */ = {
			isa = XCBuildConfiguration;
			buildSettings = {
				BUNDLE_LOADER = "$(TEST_HOST)";
				FRAMEWORK_SEARCH_PATHS = (
					"$(SDKROOT)/Developer/Library/Frameworks",
					"$(inherited)",
				);
				INFOPLIST_FILE = SongControlTests/Info.plist;
				LD_RUNPATH_SEARCH_PATHS = "$(inherited) @executable_path/Frameworks @loader_path/Frameworks";
				PRODUCT_NAME = "$(TARGET_NAME)";
				TEST_HOST = "$(BUILT_PRODUCTS_DIR)/SongControl.app/SongControl";
			};
			name = Release;
		};
		821B0DA51B14223E0024C4D3 /* Debug */ = {
			isa = XCBuildConfiguration;
			buildSettings = {
				ASSETCATALOG_COMPILER_APPICON_NAME = AppIcon;
				GCC_PREPROCESSOR_DEFINITIONS = (
					"DEBUG=1",
					"$(inherited)",
				);
				IBSC_MODULE = SongControl_WatchKit_Extension;
				INFOPLIST_FILE = "SongControl WatchKit App/Info.plist";
				IPHONEOS_DEPLOYMENT_TARGET = 8.2;
				PRODUCT_NAME = "$(TARGET_NAME)";
				SKIP_INSTALL = YES;
				TARGETED_DEVICE_FAMILY = 4;
				"TARGETED_DEVICE_FAMILY[sdk=iphonesimulator*]" = "1,4";
			};
			name = Debug;
		};
		821B0DA61B14223E0024C4D3 /* Release */ = {
			isa = XCBuildConfiguration;
			buildSettings = {
				ASSETCATALOG_COMPILER_APPICON_NAME = AppIcon;
				IBSC_MODULE = SongControl_WatchKit_Extension;
				INFOPLIST_FILE = "SongControl WatchKit App/Info.plist";
				IPHONEOS_DEPLOYMENT_TARGET = 8.2;
				PRODUCT_NAME = "$(TARGET_NAME)";
				SKIP_INSTALL = YES;
				TARGETED_DEVICE_FAMILY = 4;
				"TARGETED_DEVICE_FAMILY[sdk=iphonesimulator*]" = "1,4";
			};
			name = Release;
		};
		821B0DA81B14223E0024C4D3 /* Debug */ = {
			isa = XCBuildConfiguration;
			buildSettings = {
				GCC_PREPROCESSOR_DEFINITIONS = (
					"DEBUG=1",
					"$(inherited)",
				);
				INFOPLIST_FILE = "SongControl WatchKit Extension/Info.plist";
				LD_RUNPATH_SEARCH_PATHS = "$(inherited) @executable_path/Frameworks @executable_path/../../Frameworks";
				PRODUCT_NAME = "${TARGET_NAME}";
				SKIP_INSTALL = YES;
			};
			name = Debug;
		};
		821B0DA91B14223E0024C4D3 /* Release */ = {
			isa = XCBuildConfiguration;
			buildSettings = {
				INFOPLIST_FILE = "SongControl WatchKit Extension/Info.plist";
				LD_RUNPATH_SEARCH_PATHS = "$(inherited) @executable_path/Frameworks @executable_path/../../Frameworks";
				PRODUCT_NAME = "${TARGET_NAME}";
				SKIP_INSTALL = YES;
			};
			name = Release;
		};
/* End XCBuildConfiguration section */

/* Begin XCConfigurationList section */
		821B0D5A1B1421F20024C4D3 /* Build configuration list for PBXProject "SongControl" */ = {
			isa = XCConfigurationList;
			buildConfigurations = (
				821B0D7C1B1421F20024C4D3 /* Debug */,
				821B0D7D1B1421F20024C4D3 /* Release */,
			);
			defaultConfigurationIsVisible = 0;
			defaultConfigurationName = Release;
		};
		821B0D7E1B1421F20024C4D3 /* Build configuration list for PBXNativeTarget "SongControl" */ = {
			isa = XCConfigurationList;
			buildConfigurations = (
				821B0D7F1B1421F20024C4D3 /* Debug */,
				821B0D801B1421F20024C4D3 /* Release */,
			);
			defaultConfigurationIsVisible = 0;
		};
		821B0D811B1421F20024C4D3 /* Build configuration list for PBXNativeTarget "SongControlTests" */ = {
			isa = XCConfigurationList;
			buildConfigurations = (
				821B0D821B1421F20024C4D3 /* Debug */,
				821B0D831B1421F20024C4D3 /* Release */,
			);
			defaultConfigurationIsVisible = 0;
		};
		821B0DA41B14223E0024C4D3 /* Build configuration list for PBXNativeTarget "SongControl WatchKit App" */ = {
			isa = XCConfigurationList;
			buildConfigurations = (
				821B0DA51B14223E0024C4D3 /* Debug */,
				821B0DA61B14223E0024C4D3 /* Release */,
			);
			defaultConfigurationIsVisible = 0;
		};
		821B0DA71B14223E0024C4D3 /* Build configuration list for PBXNativeTarget "SongControl WatchKit Extension" */ = {
			isa = XCConfigurationList;
			buildConfigurations = (
				821B0DA81B14223E0024C4D3 /* Debug */,
				821B0DA91B14223E0024C4D3 /* Release */,
			);
			defaultConfigurationIsVisible = 0;
		};
/* End XCConfigurationList section */
	};
	rootObject = 821B0D571B1421F20024C4D3 /* Project object */;
}
